
Microsoft Visual Studio Solution File, Format Version 12.00
# Visual Studio Version 17
VisualStudioVersion = 17.6.33815.320
MinimumVisualStudioVersion = 10.0.40219.1
Project("{FAE04EC0-301F-11D3-BF4B-00C04F79EFBC}") = "нлрьврн", "нлрьврн\нлрьврн.csproj", "{D3D562CB-9259-4FDE-BFB7-D756259D0B1A}"
EndProject
Global
	GlobalSection(SolutionConfigurationPlatforms) = preSolution
		Debug|Any CPU = Debug|Any CPU
		Release|Any CPU = Release|Any CPU
	EndGlobalSection
	GlobalSection(ProjectConfigurationPlatforms) = postSolution
		{D3D562CB-9259-4FDE-BFB7-D756259D0B1A}.Debug|Any CPU.ActiveCfg = Debug|Any CPU
		{D3D562CB-9259-4FDE-BFB7-D756259D0B1A}.Debug|Any CPU.Build.0 = Debug|Any CPU
		{D3D562CB-9259-4FDE-BFB7-D756259D0B1A}.Release|Any CPU.ActiveCfg = Release|Any CPU
		{D3D562CB-9259-4FDE-BFB7-D756259D0B1A}.Release|Any CPU.Build.0 = Release|Any CPU
	EndGlobalSection
	GlobalSection(SolutionProperties) = preSolution
		HideSolutionNode = FALSE
	EndGlobalSection
	GlobalSection(ExtensibilityGlobals) = postSolution
		SolutionGuid = {8339B45A-E5CE-43F3-A0FC-652CF0445CDA}
	EndGlobalSection
EndGlobal
